// !$*UTF8*$!
{
	archiveVersion = 1;
	classes = {
	};
	objectVersion = 46;
	objects = {

/* Begin PBXBuildFile section */
		03E9A0FB1A7219D500C42258 /* AppDelegate.swift in Sources */ = {isa = PBXBuildFile; fileRef = 03E9A0FA1A7219D500C42258 /* AppDelegate.swift */; };
		03E9A0FD1A7219D500C42258 /* ViewController.swift in Sources */ = {isa = PBXBuildFile; fileRef = 03E9A0FC1A7219D500C42258 /* ViewController.swift */; };
		03E9A1001A7219D500C42258 /* Main.storyboard in Resources */ = {isa = PBXBuildFile; fileRef = 03E9A0FE1A7219D500C42258 /* Main.storyboard */; };
		03E9A1021A7219D500C42258 /* Images.xcassets in Resources */ = {isa = PBXBuildFile; fileRef = 03E9A1011A7219D500C42258 /* Images.xcassets */; };
		03E9A1051A7219D500C42258 /* LaunchScreen.xib in Resources */ = {isa = PBXBuildFile; fileRef = 03E9A1031A7219D500C42258 /* LaunchScreen.xib */; };
		03E9A1111A7219D500C42258 /* DrawingAppTests.swift in Sources */ = {isa = PBXBuildFile; fileRef = 03E9A1101A7219D500C42258 /* DrawingAppTests.swift */; };
/* End PBXBuildFile section */

/* Begin PBXContainerItemProxy section */
		03E9A10B1A7219D500C42258 /* PBXContainerItemProxy */ = {
			isa = PBXContainerItemProxy;
			containerPortal = 03E9A0ED1A7219D400C42258 /* Project object */;
			proxyType = 1;
			remoteGlobalIDString = 03E9A0F41A7219D400C42258;
			remoteInfo = DrawingApp;
		};
/* End PBXContainerItemProxy section */

/* Begin PBXFileReference section */
		03E9A0F51A7219D500C42258 /* DrawingApp.app */ = {isa = PBXFileReference; explicitFileType = wrapper.application; includeInIndex = 0; path = DrawingApp.app; sourceTree = BUILT_PRODUCTS_DIR; };
		03E9A0F91A7219D500C42258 /* Info.plist */ = {isa = PBXFileReference; lastKnownFileType = text.plist.xml; path = Info.plist; sourceTree = "<group>"; };
		03E9A0FA1A7219D500C42258 /* AppDelegate.swift */ = {isa = PBXFileReference; lastKnownFileType = sourcecode.swift; path = AppDelegate.swift; sourceTree = "<group>"; };
		03E9A0FC1A7219D500C42258 /* ViewController.swift */ = {isa = PBXFileReference; lastKnownFileType = sourcecode.swift; path = ViewController.swift; sourceTree = "<group>"; };
		03E9A0FF1A7219D500C42258 /* Base */ = {isa = PBXFileReference; lastKnownFileType = file.storyboard; name = Base; path = Base.lproj/Main.storyboard; sourceTree = "<group>"; };
		03E9A1011A7219D500C42258 /* Images.xcassets */ = {isa = PBXFileReference; lastKnownFileType = folder.assetcatalog; path = Images.xcassets; sourceTree = "<group>"; };
		03E9A1041A7219D500C42258 /* Base */ = {isa = PBXFileReference; lastKnownFileType = file.xib; name = Base; path = Base.lproj/LaunchScreen.xib; sourceTree = "<group>"; };
		03E9A10A1A7219D500C42258 /* DrawingAppTests.xctest */ = {isa = PBXFileReference; explicitFileType = wrapper.cfbundle; includeInIndex = 0; path = DrawingAppTests.xctest; sourceTree = BUILT_PRODUCTS_DIR; };
		03E9A10F1A7219D500C42258 /* Info.plist */ = {isa = PBXFileReference; lastKnownFileType = text.plist.xml; path = Info.plist; sourceTree = "<group>"; };
		03E9A1101A7219D500C42258 /* DrawingAppTests.swift */ = {isa = PBXFileReference; lastKnownFileType = sourcecode.swift; path = DrawingAppTests.swift; sourceTree = "<group>"; };
/* End PBXFileReference section */

/* Begin PBXFrameworksBuildPhase section */
		03E9A0F21A7219D400C42258 /* Frameworks */ = {
			isa = PBXFrameworksBuildPhase;
			buildActionMask = 2147483647;
			files = (
			);
			runOnlyForDeploymentPostprocessing = 0;
		};
		03E9A1071A7219D500C42258 /* Frameworks */ = {
			isa = PBXFrameworksBuildPhase;
			buildActionMask = 2147483647;
			files = (
			);
			runOnlyForDeploymentPostprocessing = 0;
		};
/* End PBXFrameworksBuildPhase section */

/* Begin PBXGroup section */
		03E9A0EC1A7219D400C42258 = {
			isa = PBXGroup;
			children = (
				03E9A0F71A7219D500C42258 /* DrawingApp */,
				03E9A10D1A7219D500C42258 /* DrawingAppTests */,
				03E9A0F61A7219D500C42258 /* Products */,
			);
			sourceTree = "<group>";
		};
		03E9A0F61A7219D500C42258 /* Products */ = {
			isa = PBXGroup;
			children = (
				03E9A0F51A7219D500C42258 /* DrawingApp.app */,
				03E9A10A1A7219D500C42258 /* DrawingAppTests.xctest */,
			);
			name = Products;
			sourceTree = "<group>";
		};
		03E9A0F71A7219D500C42258 /* DrawingApp */ = {
			isa = PBXGroup;
			children = (
				03E9A0FA1A7219D500C42258 /* AppDelegate.swift */,
				03E9A0FC1A7219D500C42258 /* ViewController.swift */,
				03E9A0FE1A7219D500C42258 /* Main.storyboard */,
				03E9A1011A7219D500C42258 /* Images.xcassets */,
				03E9A1031A7219D500C42258 /* LaunchScreen.xib */,
				03E9A0F81A7219D500C42258 /* Supporting Files */,
			);
			path = DrawingApp;
			sourceTree = "<group>";
		};
		03E9A0F81A7219D500C42258 /* Supporting Files */ = {
			isa = PBXGroup;
			children = (
				03E9A0F91A7219D500C42258 /* Info.plist */,
			);
			name = "Supporting Files";
			sourceTree = "<group>";
		};
		03E9A10D1A7219D500C42258 /* DrawingAppTests */ = {
			isa = PBXGroup;
			children = (
				03E9A1101A7219D500C42258 /* DrawingAppTests.swift */,
				03E9A10E1A7219D500C42258 /* Supporting Files */,
			);
			path = DrawingAppTests;
			sourceTree = "<group>";
		};
		03E9A10E1A7219D500C42258 /* Supporting Files */ = {
			isa = PBXGroup;
			children = (
				03E9A10F1A7219D500C42258 /* Info.plist */,
			);
			name = "Supporting Files";
			sourceTree = "<group>";
		};
/* End PBXGroup section */

/* Begin PBXNativeTarget section */
		03E9A0F41A7219D400C42258 /* DrawingApp */ = {
			isa = PBXNativeTarget;
			buildConfigurationList = 03E9A1141A7219D500C42258 /* Build configuration list for PBXNativeTarget "DrawingApp" */;
			buildPhases = (
				03E9A0F11A7219D400C42258 /* Sources */,
				03E9A0F21A7219D400C42258 /* Frameworks */,
				03E9A0F31A7219D400C42258 /* Resources */,
			);
			buildRules = (
			);
			dependencies = (
			);
			name = DrawingApp;
			productName = DrawingApp;
			productReference = 03E9A0F51A7219D500C42258 /* DrawingApp.app */;
			productType = "com.apple.product-type.application";
		};
		03E9A1091A7219D500C42258 /* DrawingAppTests */ = {
			isa = PBXNativeTarget;
			buildConfigurationList = 03E9A1171A7219D500C42258 /* Build configuration list for PBXNativeTarget "DrawingAppTests" */;
			buildPhases = (
				03E9A1061A7219D500C42258 /* Sources */,
				03E9A1071A7219D500C42258 /* Frameworks */,
				03E9A1081A7219D500C42258 /* Resources */,
			);
			buildRules = (
			);
			dependencies = (
				03E9A10C1A7219D500C42258 /* PBXTargetDependency */,
			);
			name = DrawingAppTests;
			productName = DrawingAppTests;
			productReference = 03E9A10A1A7219D500C42258 /* DrawingAppTests.xctest */;
			productType = "com.apple.product-type.bundle.unit-test";
		};
/* End PBXNativeTarget section */

/* Begin PBXProject section */
		03E9A0ED1A7219D400C42258 /* Project object */ = {
			isa = PBXProject;
			attributes = {
				LastUpgradeCheck = 0610;
				ORGANIZATIONNAME = gonKenny;
				TargetAttributes = {
					03E9A0F41A7219D400C42258 = {
						CreatedOnToolsVersion = 6.1.1;
					};
					03E9A1091A7219D500C42258 = {
						CreatedOnToolsVersion = 6.1.1;
						TestTargetID = 03E9A0F41A7219D400C42258;
					};
				};
			};
			buildConfigurationList = 03E9A0F01A7219D400C42258 /* Build configuration list for PBXProject "DrawingApp" */;
			compatibilityVersion = "Xcode 3.2";
			developmentRegion = English;
			hasScannedForEncodings = 0;
			knownRegions = (
				en,
				Base,
			);
			mainGroup = 03E9A0EC1A7219D400C42258;
			productRefGroup = 03E9A0F61A7219D500C42258 /* Products */;
			projectDirPath = "";
			projectRoot = "";
			targets = (
				03E9A0F41A7219D400C42258 /* DrawingApp */,
				03E9A1091A7219D500C42258 /* DrawingAppTests */,
			);
		};
/* End PBXProject section */

/* Begin PBXResourcesBuildPhase section */
		03E9A0F31A7219D400C42258 /* Resources */ = {
			isa = PBXResourcesBuildPhase;
			buildActionMask = 2147483647;
			files = (
				03E9A1001A7219D500C42258 /* Main.storyboard in Resources */,
				03E9A1051A7219D500C42258 /* LaunchScreen.xib in Resources */,
				03E9A1021A7219D500C42258 /* Images.xcassets in Resources */,
			);
			runOnlyForDeploymentPostprocessing = 0;
		};
		03E9A1081A7219D500C42258 /* Resources */ = {
			isa = PBXResourcesBuildPhase;
			buildActionMask = 2147483647;
			files = (
			);
			runOnlyForDeploymentPostprocessing = 0;
		};
/* End PBXResourcesBuildPhase section */

/* Begin PBXSourcesBuildPhase section */
		03E9A0F11A7219D400C42258 /* Sources */ = {
			isa = PBXSourcesBuildPhase;
			buildActionMask = 2147483647;
			files = (
				03E9A0FD1A7219D500C42258 /* ViewController.swift in Sources */,
				03E9A0FB1A7219D500C42258 /* AppDelegate.swift in Sources */,
			);
			runOnlyForDeploymentPostprocessing = 0;
		};
		03E9A1061A7219D500C42258 /* Sources */ = {
			isa = PBXSourcesBuildPhase;
			buildActionMask = 2147483647;
			files = (
				03E9A1111A7219D500C42258 /* DrawingAppTests.swift in Sources */,
			);
			runOnlyForDeploymentPostprocessing = 0;
		};
/* End PBXSourcesBuildPhase section */

/* Begin PBXTargetDependency section */
		03E9A10C1A7219D500C42258 /* PBXTargetDependency */ = {
			isa = PBXTargetDependency;
			target = 03E9A0F41A7219D400C42258 /* DrawingApp */;
			targetProxy = 03E9A10B1A7219D500C42258 /* PBXContainerItemProxy */;
		};
/* End PBXTargetDependency section */

/* Begin PBXVariantGroup section */
		03E9A0FE1A7219D500C42258 /* Main.storyboard */ = {
			isa = PBXVariantGroup;
			children = (
				03E9A0FF1A7219D500C42258 /* Base */,
			);
			name = Main.storyboard;
			sourceTree = "<group>";
		};
		03E9A1031A7219D500C42258 /* LaunchScreen.xib */ = {
			isa = PBXVariantGroup;
			children = (
				03E9A1041A7219D500C42258 /* Base */,
			);
			name = LaunchScreen.xib;
			sourceTree = "<group>";
		};
/* End PBXVariantGroup section */

/* Begin XCBuildConfiguration section */
		03E9A1121A7219D500C42258 /* Debug */ = {
			isa = XCBuildConfiguration;
			buildSettings = {
				ALWAYS_SEARCH_USER_PATHS = NO;
				CLANG_CXX_LANGUAGE_STANDARD = "gnu++0x";
				CLANG_CXX_LIBRARY = "libc++";
				CLANG_ENABLE_MODULES = YES;
				CLANG_ENABLE_OBJC_ARC = YES;
				CLANG_WARN_BOOL_CONVERSION = YES;
				CLANG_WARN_CONSTANT_CONVERSION = YES;
				CLANG_WARN_DIRECT_OBJC_ISA_USAGE = YES_ERROR;
				CLANG_WARN_EMPTY_BODY = YES;
				CLANG_WARN_ENUM_CONVERSION = YES;
				CLANG_WARN_INT_CONVERSION = YES;
				CLANG_WARN_OBJC_ROOT_CLASS = YES_ERROR;
				CLANG_WARN_UNREACHABLE_CODE = YES;
				CLANG_WARN__DUPLICATE_METHOD_MATCH = YES;
				"CODE_SIGN_IDENTITY[sdk=iphoneos*]" = "iPhone Developer";
				COPY_PHASE_STRIP = NO;
				ENABLE_STRICT_OBJC_MSGSEND = YES;
				GCC_C_LANGUAGE_STANDARD = gnu99;
				GCC_DYNAMIC_NO_PIC = NO;
				GCC_OPTIMIZATION_LEVEL = 0;
				GCC_PREPROCESSOR_DEFINITIONS = (
					"DEBUG=1",
					"$(inherited)",
				);
				GCC_SYMBOLS_PRIVATE_EXTERN = NO;
				GCC_WARN_64_TO_32_BIT_CONVERSION = YES;
				GCC_WARN_ABOUT_RETURN_TYPE = YES_ERROR;
				GCC_WARN_UNDECLARED_SELECTOR = YES;
				GCC_WARN_UNINITIALIZED_AUTOS = YES_AGGRESSIVE;
				GCC_WARN_UNUSED_FUNCTION = YES;
				GCC_WARN_UNUSED_VARIABLE = YES;
				IPHONEOS_DEPLOYMENT_TARGET = 8.1;
				MTL_ENABLE_DEBUG_INFO = YES;
				ONLY_ACTIVE_ARCH = YES;
				SDKROOT = iphoneos;
				SWIFT_OPTIMIZATION_LEVEL = "-Onone";
				TARGETED_DEVICE_FAMILY = "1,2";
			};
			name = Debug;
		};
		03E9A1131A7219D500C42258 /* Release */ = {
			isa = XCBuildConfiguration;
			buildSettings = {
				ALWAYS_SEARCH_USER_PATHS = NO;
				CLANG_CXX_LANGUAGE_STANDARD = "gnu++0x";
				CLANG_CXX_LIBRARY = "libc++";
				CLANG_ENABLE_MODULES = YES;
				CLANG_ENABLE_OBJC_ARC = YES;
				CLANG_WARN_BOOL_CONVERSION = YES;
				CLANG_WARN_CONSTANT_CONVERSION = YES;
				CLANG_WARN_DIRECT_OBJC_ISA_USAGE = YES_ERROR;
				CLANG_WARN_EMPTY_BODY = YES;
				CLANG_WARN_ENUM_CONVERSION = YES;
				CLANG_WARN_INT_CONVERSION = YES;
				CLANG_WARN_OBJC_ROOT_CLASS = YES_ERROR;
				CLANG_WARN_UNREACHABLE_CODE = YES;
				CLANG_WARN__DUPLICATE_METHOD_MATCH = YES;
				"CODE_SIGN_IDENTITY[sdk=iphoneos*]" = "iPhone Developer";
				COPY_PHASE_STRIP = YES;
				ENABLE_NS_ASSERTIONS = NO;
				ENABLE_STRICT_OBJC_MSGSEND = YES;
				GCC_C_LANGUAGE_STANDARD = gnu99;
				GCC_WARN_64_TO_32_BIT_CONVERSION = YES;
				GCC_WARN_ABOUT_RETURN_TYPE = YES_ERROR;
				GCC_WARN_UNDECLARED_SELECTOR = YES;
				GCC_WARN_UNINITIALIZED_AUTOS = YES_AGGRESSIVE;
				GCC_WARN_UNUSED_FUNCTION = YES;
				GCC_WARN_UNUSED_VARIABLE = YES;
				IPHONEOS_DEPLOYMENT_TARGET = 8.1;
				MTL_ENABLE_DEBUG_INFO = NO;
				SDKROOT = iphoneos;
				TARGETED_DEVICE_FAMILY = "1,2";
				VALIDATE_PRODUCT = YES;
			};
			name = Release;
		};
		03E9A1151A7219D500C42258 /* Debug */ = {
			isa = XCBuildConfiguration;
			buildSettings = {
				ASSETCATALOG_COMPILER_APPICON_NAME = AppIcon;
				INFOPLIST_FILE = DrawingApp/Info.plist;
				LD_RUNPATH_SEARCH_PATHS = "$(inherited) @executable_path/Frameworks";
				PRODUCT_NAME = "$(TARGET_NAME)";
			};
			name = Debug;
		};
		03E9A1161A7219D500C42258 /* Release */ = {
			isa = XCBuildConfiguration;
			buildSettings = {
				ASSETCATALOG_COMPILER_APPICON_NAME = AppIcon;
				INFOPLIST_FILE = DrawingApp/Info.plist;
				LD_RUNPATH_SEARCH_PATHS = "$(inherited) @executable_path/Frameworks";
				PRODUCT_NAME = "$(TARGET_NAME)";
			};
			name = Release;
		};
		03E9A1181A7219D500C42258 /* Debug */ = {
			isa = XCBuildConfiguration;
			buildSettings = {
				BUNDLE_LOADER = "$(TEST_HOST)";
				FRAMEWORK_SEARCH_PATHS = (
					"$(SDKROOT)/Developer/Library/Frameworks",
					"$(inherited)",
				);
				GCC_PREPROCESSOR_DEFINITIONS = (
					"DEBUG=1",
					"$(inherited)",
				);
				INFOPLIST_FILE = DrawingAppTests/Info.plist;
				LD_RUNPATH_SEARCH_PATHS = "$(inherited) @executable_path/Frameworks @loader_path/Frameworks";
				PRODUCT_NAME = "$(TARGET_NAME)";
				TEST_HOST = "$(BUILT_PRODUCTS_DIR)/DrawingApp.app/DrawingApp";
			};
			name = Debug;
		};
		03E9A1191A7219D500C42258 /* Release */ = {
			isa = XCBuildConfiguration;
			buildSettings = {
				BUNDLE_LOADER = "$(TEST_HOST)";
				FRAMEWORK_SEARCH_PATHS = (
					"$(SDKROOT)/Developer/Library/Frameworks",
					"$(inherited)",
				);
				INFOPLIST_FILE = DrawingAppTests/Info.plist;
				LD_RUNPATH_SEARCH_PATHS = "$(inherited) @executable_path/Frameworks @loader_path/Frameworks";
				PRODUCT_NAME = "$(TARGET_NAME)";
				TEST_HOST = "$(BUILT_PRODUCTS_DIR)/DrawingApp.app/DrawingApp";
			};
			name = Release;
		};
/* End XCBuildConfiguration section */

/* Begin XCConfigurationList section */
		03E9A0F01A7219D400C42258 /* Build configuration list for PBXProject "DrawingApp" */ = {
			isa = XCConfigurationList;
			buildConfigurations = (
				03E9A1121A7219D500C42258 /* Debug */,
				03E9A1131A7219D500C42258 /* Release */,
			);
			defaultConfigurationIsVisible = 0;
			defaultConfigurationName = Release;
		};
		03E9A1141A7219D500C42258 /* Build configuration list for PBXNativeTarget "DrawingApp" */ = {
			isa = XCConfigurationList;
			buildConfigurations = (
				03E9A1151A7219D500C42258 /* Debug */,
				03E9A1161A7219D500C42258 /* Release */,
			);
			defaultConfigurationIsVisible = 0;
		};
		03E9A1171A7219D500C42258 /* Build configuration list for PBXNativeTarget "DrawingAppTests" */ = {
			isa = XCConfigurationList;
			buildConfigurations = (
				03E9A1181A7219D500C42258 /* Debug */,
				03E9A1191A7219D500C42258 /* Release */,
			);
			defaultConfigurationIsVisible = 0;
		};
/* End XCConfigurationList section */
	};
	rootObject = 03E9A0ED1A7219D400C42258 /* Project object */;
}
